
Microsoft Visual Studio Solution File, Format Version 12.00
# Visual Studio 14
VisualStudioVersion = 14.0.25420.1
MinimumVisualStudioVersion = 10.0.40219.1
Project("{D954291E-2A0B-460D-934E-DC6B0785DB48}") = "facy", "facy\facy\facy.shproj", "{09D0EB31-AEDF-49DF-B30D-B91EC7C283D3}"
EndProject
Project("{FAE04EC0-301F-11D3-BF4B-00C04F79EFBC}") = "facy.Droid", "facy\facy.Droid\facy.Droid.csproj", "{1E9E0873-719E-4973-8F5A-1929A5C66AEE}"
EndProject
Project("{FAE04EC0-301F-11D3-BF4B-00C04F79EFBC}") = "facy.iOS", "facy\facy.iOS\facy.iOS.csproj", "{F38F64F1-9FEB-45F1-9E6C-CBF4BF38D5BE}"
EndProject
Project("{FAE04EC0-301F-11D3-BF4B-00C04F79EFBC}") = "facy.UWP", "facy\facy.UWP\facy.UWP.csproj", "{1F10E2D4-3A74-400D-A0F5-036E484276A8}"
EndProject
Global
	GlobalSection(SharedMSBuildProjectFiles) = preSolution
		facy\facy\facy.projitems*{09d0eb31-aedf-49df-b30d-b91ec7c283d3}*SharedItemsImports = 13
		facy\facy\facy.projitems*{1e9e0873-719e-4973-8f5a-1929a5c66aee}*SharedItemsImports = 4
		facy\facy\facy.projitems*{1f10e2d4-3a74-400d-a0f5-036e484276a8}*SharedItemsImports = 4
		facy\facy\facy.projitems*{f38f64f1-9feb-45f1-9e6c-cbf4bf38d5be}*SharedItemsImports = 4
	EndGlobalSection
	GlobalSection(SolutionConfigurationPlatforms) = preSolution
		Ad-Hoc|Any CPU = Ad-Hoc|Any CPU
		Ad-Hoc|ARM = Ad-Hoc|ARM
		Ad-Hoc|iPhone = Ad-Hoc|iPhone
		Ad-Hoc|iPhoneSimulator = Ad-Hoc|iPhoneSimulator
		Ad-Hoc|x64 = Ad-Hoc|x64
		Ad-Hoc|x86 = Ad-Hoc|x86
		AppStore|Any CPU = AppStore|Any CPU
		AppStore|ARM = AppStore|ARM
		AppStore|iPhone = AppStore|iPhone
		AppStore|iPhoneSimulator = AppStore|iPhoneSimulator
		AppStore|x64 = AppStore|x64
		AppStore|x86 = AppStore|x86
		Debug|Any CPU = Debug|Any CPU
		Debug|ARM = Debug|ARM
		Debug|iPhone = Debug|iPhone
		Debug|iPhoneSimulator = Debug|iPhoneSimulator
		Debug|x64 = Debug|x64
		Debug|x86 = Debug|x86
		Release|Any CPU = Release|Any CPU
		Release|ARM = Release|ARM
		Release|iPhone = Release|iPhone
		Release|iPhoneSimulator = Release|iPhoneSimulator
		Release|x64 = Release|x64
		Release|x86 = Release|x86
	EndGlobalSection
	GlobalSection(ProjectConfigurationPlatforms) = postSolution
		{1E9E0873-719E-4973-8F5A-1929A5C66AEE}.Ad-Hoc|Any CPU.ActiveCfg = Release|Any CPU
		{1E9E0873-719E-4973-8F5A-1929A5C66AEE}.Ad-Hoc|Any CPU.Build.0 = Release|Any CPU
		{1E9E0873-719E-4973-8F5A-1929A5C66AEE}.Ad-Hoc|Any CPU.Deploy.0 = Release|Any CPU
		{1E9E0873-719E-4973-8F5A-1929A5C66AEE}.Ad-Hoc|ARM.ActiveCfg = Release|Any CPU
		{1E9E0873-719E-4973-8F5A-1929A5C66AEE}.Ad-Hoc|ARM.Build.0 = Release|Any CPU
		{1E9E0873-719E-4973-8F5A-1929A5C66AEE}.Ad-Hoc|ARM.Deploy.0 = Release|Any CPU
		{1E9E0873-719E-4973-8F5A-1929A5C66AEE}.Ad-Hoc|iPhone.ActiveCfg = Release|Any CPU
		{1E9E0873-719E-4973-8F5A-1929A5C66AEE}.Ad-Hoc|iPhone.Build.0 = Release|Any CPU
		{1E9E0873-719E-4973-8F5A-1929A5C66AEE}.Ad-Hoc|iPhone.Deploy.0 = Release|Any CPU
		{1E9E0873-719E-4973-8F5A-1929A5C66AEE}.Ad-Hoc|iPhoneSimulator.ActiveCfg = Release|Any CPU
		{1E9E0873-719E-4973-8F5A-1929A5C66AEE}.Ad-Hoc|iPhoneSimulator.Build.0 = Release|Any CPU
		{1E9E0873-719E-4973-8F5A-1929A5C66AEE}.Ad-Hoc|iPhoneSimulator.Deploy.0 = Release|Any CPU
		{1E9E0873-719E-4973-8F5A-1929A5C66AEE}.Ad-Hoc|x64.ActiveCfg = Release|Any CPU
		{1E9E0873-719E-4973-8F5A-1929A5C66AEE}.Ad-Hoc|x64.Build.0 = Release|Any CPU
		{1E9E0873-719E-4973-8F5A-1929A5C66AEE}.Ad-Hoc|x64.Deploy.0 = Release|Any CPU
		{1E9E0873-719E-4973-8F5A-1929A5C66AEE}.Ad-Hoc|x86.ActiveCfg = Release|Any CPU
		{1E9E0873-719E-4973-8F5A-1929A5C66AEE}.Ad-Hoc|x86.Build.0 = Release|Any CPU
		{1E9E0873-719E-4973-8F5A-1929A5C66AEE}.Ad-Hoc|x86.Deploy.0 = Release|Any CPU
		{1E9E0873-719E-4973-8F5A-1929A5C66AEE}.AppStore|Any CPU.ActiveCfg = Release|Any CPU
		{1E9E0873-719E-4973-8F5A-1929A5C66AEE}.AppStore|Any CPU.Build.0 = Release|Any CPU
		{1E9E0873-719E-4973-8F5A-1929A5C66AEE}.AppStore|Any CPU.Deploy.0 = Release|Any CPU
		{1E9E0873-719E-4973-8F5A-1929A5C66AEE}.AppStore|ARM.ActiveCfg = Release|Any CPU
		{1E9E0873-719E-4973-8F5A-1929A5C66AEE}.AppStore|ARM.Build.0 = Release|Any CPU
		{1E9E0873-719E-4973-8F5A-1929A5C66AEE}.AppStore|ARM.Deploy.0 = Release|Any CPU
		{1E9E0873-719E-4973-8F5A-1929A5C66AEE}.AppStore|iPhone.ActiveCfg = Release|Any CPU
		{1E9E0873-719E-4973-8F5A-1929A5C66AEE}.AppStore|iPhone.Build.0 = Release|Any CPU
		{1E9E0873-719E-4973-8F5A-1929A5C66AEE}.AppStore|iPhone.Deploy.0 = Release|Any CPU
		{1E9E0873-719E-4973-8F5A-1929A5C66AEE}.AppStore|iPhoneSimulator.ActiveCfg = Release|Any CPU
		{1E9E0873-719E-4973-8F5A-1929A5C66AEE}.AppStore|iPhoneSimulator.Build.0 = Release|Any CPU
		{1E9E0873-719E-4973-8F5A-1929A5C66AEE}.AppStore|iPhoneSimulator.Deploy.0 = Release|Any CPU
		{1E9E0873-719E-4973-8F5A-1929A5C66AEE}.AppStore|x64.ActiveCfg = Release|Any CPU
		{1E9E0873-719E-4973-8F5A-1929A5C66AEE}.AppStore|x64.Build.0 = Release|Any CPU
		{1E9E0873-719E-4973-8F5A-1929A5C66AEE}.AppStore|x64.Deploy.0 = Release|Any CPU
		{1E9E0873-719E-4973-8F5A-1929A5C66AEE}.AppStore|x86.ActiveCfg = Release|Any CPU
		{1E9E0873-719E-4973-8F5A-1929A5C66AEE}.AppStore|x86.Build.0 = Release|Any CPU
		{1E9E0873-719E-4973-8F5A-1929A5C66AEE}.AppStore|x86.Deploy.0 = Release|Any CPU
		{1E9E0873-719E-4973-8F5A-1929A5C66AEE}.Debug|Any CPU.ActiveCfg = Debug|Any CPU
		{1E9E0873-719E-4973-8F5A-1929A5C66AEE}.Debug|Any CPU.Build.0 = Debug|Any CPU
		{1E9E0873-719E-4973-8F5A-1929A5C66AEE}.Debug|Any CPU.Deploy.0 = Debug|Any CPU
		{1E9E0873-719E-4973-8F5A-1929A5C66AEE}.Debug|ARM.ActiveCfg = Debug|Any CPU
		{1E9E0873-719E-4973-8F5A-1929A5C66AEE}.Debug|ARM.Build.0 = Debug|Any CPU
		{1E9E0873-719E-4973-8F5A-1929A5C66AEE}.Debug|ARM.Deploy.0 = Debug|Any CPU
		{1E9E0873-719E-4973-8F5A-1929A5C66AEE}.Debug|iPhone.ActiveCfg = Debug|Any CPU
		{1E9E0873-719E-4973-8F5A-1929A5C66AEE}.Debug|iPhone.Build.0 = Debug|Any CPU
		{1E9E0873-719E-4973-8F5A-1929A5C66AEE}.Debug|iPhone.Deploy.0 = Debug|Any CPU
		{1E9E0873-719E-4973-8F5A-1929A5C66AEE}.Debug|iPhoneSimulator.ActiveCfg = Debug|Any CPU
		{1E9E0873-719E-4973-8F5A-1929A5C66AEE}.Debug|iPhoneSimulator.Build.0 = Debug|Any CPU
		{1E9E0873-719E-4973-8F5A-1929A5C66AEE}.Debug|iPhoneSimulator.Deploy.0 = Debug|Any CPU
		{1E9E0873-719E-4973-8F5A-1929A5C66AEE}.Debug|x64.ActiveCfg = Debug|Any CPU
		{1E9E0873-719E-4973-8F5A-1929A5C66AEE}.Debug|x64.Build.0 = Debug|Any CPU
		{1E9E0873-719E-4973-8F5A-1929A5C66AEE}.Debug|x64.Deploy.0 = Debug|Any CPU
		{1E9E0873-719E-4973-8F5A-1929A5C66AEE}.Debug|x86.ActiveCfg = Debug|Any CPU
		{1E9E0873-719E-4973-8F5A-1929A5C66AEE}.Debug|x86.Build.0 = Debug|Any CPU
		{1E9E0873-719E-4973-8F5A-1929A5C66AEE}.Debug|x86.Deploy.0 = Debug|Any CPU
		{1E9E0873-719E-4973-8F5A-1929A5C66AEE}.Release|Any CPU.ActiveCfg = Release|Any CPU
		{1E9E0873-719E-4973-8F5A-1929A5C66AEE}.Release|Any CPU.Build.0 = Release|Any CPU
		{1E9E0873-719E-4973-8F5A-1929A5C66AEE}.Release|Any CPU.Deploy.0 = Release|Any CPU
		{1E9E0873-719E-4973-8F5A-1929A5C66AEE}.Release|ARM.ActiveCfg = Release|Any CPU
		{1E9E0873-719E-4973-8F5A-1929A5C66AEE}.Release|ARM.Build.0 = Release|Any CPU
		{1E9E0873-719E-4973-8F5A-1929A5C66AEE}.Release|ARM.Deploy.0 = Release|Any CPU
		{1E9E0873-719E-4973-8F5A-1929A5C66AEE}.Release|iPhone.ActiveCfg = Release|Any CPU
		{1E9E0873-719E-4973-8F5A-1929A5C66AEE}.Release|iPhone.Build.0 = Release|Any CPU
		{1E9E0873-719E-4973-8F5A-1929A5C66AEE}.Release|iPhone.Deploy.0 = Release|Any CPU
		{1E9E0873-719E-4973-8F5A-1929A5C66AEE}.Release|iPhoneSimulator.ActiveCfg = Release|Any CPU
		{1E9E0873-719E-4973-8F5A-1929A5C66AEE}.Release|iPhoneSimulator.Build.0 = Release|Any CPU
		{1E9E0873-719E-4973-8F5A-1929A5C66AEE}.Release|iPhoneSimulator.Deploy.0 = Release|Any CPU
		{1E9E0873-719E-4973-8F5A-1929A5C66AEE}.Release|x64.ActiveCfg = Release|Any CPU
		{1E9E0873-719E-4973-8F5A-1929A5C66AEE}.Release|x64.Build.0 = Release|Any CPU
		{1E9E0873-719E-4973-8F5A-1929A5C66AEE}.Release|x64.Deploy.0 = Release|Any CPU
		{1E9E0873-719E-4973-8F5A-1929A5C66AEE}.Release|x86.ActiveCfg = Release|Any CPU
		{1E9E0873-719E-4973-8F5A-1929A5C66AEE}.Release|x86.Build.0 = Release|Any CPU
		{1E9E0873-719E-4973-8F5A-1929A5C66AEE}.Release|x86.Deploy.0 = Release|Any CPU
		{F38F64F1-9FEB-45F1-9E6C-CBF4BF38D5BE}.Ad-Hoc|Any CPU.ActiveCfg = Ad-Hoc|iPhone
		{F38F64F1-9FEB-45F1-9E6C-CBF4BF38D5BE}.Ad-Hoc|ARM.ActiveCfg = Ad-Hoc|iPhone
		{F38F64F1-9FEB-45F1-9E6C-CBF4BF38D5BE}.Ad-Hoc|iPhone.ActiveCfg = Ad-Hoc|iPhone
		{F38F64F1-9FEB-45F1-9E6C-CBF4BF38D5BE}.Ad-Hoc|iPhone.Build.0 = Ad-Hoc|iPhone
		{F38F64F1-9FEB-45F1-9E6C-CBF4BF38D5BE}.Ad-Hoc|iPhoneSimulator.ActiveCfg = Ad-Hoc|iPhoneSimulator
		{F38F64F1-9FEB-45F1-9E6C-CBF4BF38D5BE}.Ad-Hoc|iPhoneSimulator.Build.0 = Ad-Hoc|iPhoneSimulator
		{F38F64F1-9FEB-45F1-9E6C-CBF4BF38D5BE}.Ad-Hoc|x64.ActiveCfg = Ad-Hoc|iPhone
		{F38F64F1-9FEB-45F1-9E6C-CBF4BF38D5BE}.Ad-Hoc|x86.ActiveCfg = Ad-Hoc|iPhone
		{F38F64F1-9FEB-45F1-9E6C-CBF4BF38D5BE}.AppStore|Any CPU.ActiveCfg = AppStore|iPhone
		{F38F64F1-9FEB-45F1-9E6C-CBF4BF38D5BE}.AppStore|ARM.ActiveCfg = AppStore|iPhone
		{F38F64F1-9FEB-45F1-9E6C-CBF4BF38D5BE}.AppStore|iPhone.ActiveCfg = AppStore|iPhone
		{F38F64F1-9FEB-45F1-9E6C-CBF4BF38D5BE}.AppStore|iPhone.Build.0 = AppStore|iPhone
		{F38F64F1-9FEB-45F1-9E6C-CBF4BF38D5BE}.AppStore|iPhoneSimulator.ActiveCfg = AppStore|iPhoneSimulator
		{F38F64F1-9FEB-45F1-9E6C-CBF4BF38D5BE}.AppStore|iPhoneSimulator.Build.0 = AppStore|iPhoneSimulator
		{F38F64F1-9FEB-45F1-9E6C-CBF4BF38D5BE}.AppStore|x64.ActiveCfg = AppStore|iPhone
		{F38F64F1-9FEB-45F1-9E6C-CBF4BF38D5BE}.AppStore|x86.ActiveCfg = AppStore|iPhone
		{F38F64F1-9FEB-45F1-9E6C-CBF4BF38D5BE}.Debug|Any CPU.ActiveCfg = Debug|iPhone
		{F38F64F1-9FEB-45F1-9E6C-CBF4BF38D5BE}.Debug|ARM.ActiveCfg = Debug|iPhone
		{F38F64F1-9FEB-45F1-9E6C-CBF4BF38D5BE}.Debug|iPhone.ActiveCfg = Debug|iPhone
		{F38F64F1-9FEB-45F1-9E6C-CBF4BF38D5BE}.Debug|iPhone.Build.0 = Debug|iPhone
		{F38F64F1-9FEB-45F1-9E6C-CBF4BF38D5BE}.Debug|iPhoneSimulator.ActiveCfg = Debug|iPhoneSimulator
		{F38F64F1-9FEB-45F1-9E6C-CBF4BF38D5BE}.Debug|iPhoneSimulator.Build.0 = Debug|iPhoneSimulator
		{F38F64F1-9FEB-45F1-9E6C-CBF4BF38D5BE}.Debug|x64.ActiveCfg = Debug|iPhone
		{F38F64F1-9FEB-45F1-9E6C-CBF4BF38D5BE}.Debug|x86.ActiveCfg = Debug|iPhone
		{F38F64F1-9FEB-45F1-9E6C-CBF4BF38D5BE}.Release|Any CPU.ActiveCfg = Release|iPhone
		{F38F64F1-9FEB-45F1-9E6C-CBF4BF38D5BE}.Release|ARM.ActiveCfg = Release|iPhone
		{F38F64F1-9FEB-45F1-9E6C-CBF4BF38D5BE}.Release|iPhone.ActiveCfg = Release|iPhone
		{F38F64F1-9FEB-45F1-9E6C-CBF4BF38D5BE}.Release|iPhone.Build.0 = Release|iPhone
		{F38F64F1-9FEB-45F1-9E6C-CBF4BF38D5BE}.Release|iPhoneSimulator.ActiveCfg = Release|iPhoneSimulator
		{F38F64F1-9FEB-45F1-9E6C-CBF4BF38D5BE}.Release|iPhoneSimulator.Build.0 = Release|iPhoneSimulator
		{F38F64F1-9FEB-45F1-9E6C-CBF4BF38D5BE}.Release|x64.ActiveCfg = Release|iPhone
		{F38F64F1-9FEB-45F1-9E6C-CBF4BF38D5BE}.Release|x86.ActiveCfg = Release|iPhone
		{1F10E2D4-3A74-400D-A0F5-036E484276A8}.Ad-Hoc|Any CPU.ActiveCfg = Release|x86
		{1F10E2D4-3A74-400D-A0F5-036E484276A8}.Ad-Hoc|Any CPU.Build.0 = Release|x86
		{1F10E2D4-3A74-400D-A0F5-036E484276A8}.Ad-Hoc|Any CPU.Deploy.0 = Release|x86
		{1F10E2D4-3A74-400D-A0F5-036E484276A8}.Ad-Hoc|ARM.ActiveCfg = Release|ARM
		{1F10E2D4-3A74-400D-A0F5-036E484276A8}.Ad-Hoc|ARM.Build.0 = Release|ARM
		{1F10E2D4-3A74-400D-A0F5-036E484276A8}.Ad-Hoc|ARM.Deploy.0 = Release|ARM
		{1F10E2D4-3A74-400D-A0F5-036E484276A8}.Ad-Hoc|iPhone.ActiveCfg = Release|x86
		{1F10E2D4-3A74-400D-A0F5-036E484276A8}.Ad-Hoc|iPhone.Build.0 = Release|x86
		{1F10E2D4-3A74-400D-A0F5-036E484276A8}.Ad-Hoc|iPhone.Deploy.0 = Release|x86
		{1F10E2D4-3A74-400D-A0F5-036E484276A8}.Ad-Hoc|iPhoneSimulator.ActiveCfg = Release|x86
		{1F10E2D4-3A74-400D-A0F5-036E484276A8}.Ad-Hoc|iPhoneSimulator.Build.0 = Release|x86
		{1F10E2D4-3A74-400D-A0F5-036E484276A8}.Ad-Hoc|iPhoneSimulator.Deploy.0 = Release|x86
		{1F10E2D4-3A74-400D-A0F5-036E484276A8}.Ad-Hoc|x64.ActiveCfg = Release|x64
		{1F10E2D4-3A74-400D-A0F5-036E484276A8}.Ad-Hoc|x64.Build.0 = Release|x64
		{1F10E2D4-3A74-400D-A0F5-036E484276A8}.Ad-Hoc|x64.Deploy.0 = Release|x64
		{1F10E2D4-3A74-400D-A0F5-036E484276A8}.Ad-Hoc|x86.ActiveCfg = Release|x86
		{1F10E2D4-3A74-400D-A0F5-036E484276A8}.Ad-Hoc|x86.Build.0 = Release|x86
		{1F10E2D4-3A74-400D-A0F5-036E484276A8}.Ad-Hoc|x86.Deploy.0 = Release|x86
		{1F10E2D4-3A74-400D-A0F5-036E484276A8}.AppStore|Any CPU.ActiveCfg = Release|x86
		{1F10E2D4-3A74-400D-A0F5-036E484276A8}.AppStore|Any CPU.Build.0 = Release|x86
		{1F10E2D4-3A74-400D-A0F5-036E484276A8}.AppStore|Any CPU.Deploy.0 = Release|x86
		{1F10E2D4-3A74-400D-A0F5-036E484276A8}.AppStore|ARM.ActiveCfg = Release|ARM
		{1F10E2D4-3A74-400D-A0F5-036E484276A8}.AppStore|ARM.Build.0 = Release|ARM
		{1F10E2D4-3A74-400D-A0F5-036E484276A8}.AppStore|ARM.Deploy.0 = Release|ARM
		{1F10E2D4-3A74-400D-A0F5-036E484276A8}.AppStore|iPhone.ActiveCfg = Release|x86
		{1F10E2D4-3A74-400D-A0F5-036E484276A8}.AppStore|iPhone.Build.0 = Release|x86
		{1F10E2D4-3A74-400D-A0F5-036E484276A8}.AppStore|iPhone.Deploy.0 = Release|x86
		{1F10E2D4-3A74-400D-A0F5-036E484276A8}.AppStore|iPhoneSimulator.ActiveCfg = Release|x86
		{1F10E2D4-3A74-400D-A0F5-036E484276A8}.AppStore|iPhoneSimulator.Build.0 = Release|x86
		{1F10E2D4-3A74-400D-A0F5-036E484276A8}.AppStore|iPhoneSimulator.Deploy.0 = Release|x86
		{1F10E2D4-3A74-400D-A0F5-036E484276A8}.AppStore|x64.ActiveCfg = Release|x64
		{1F10E2D4-3A74-400D-A0F5-036E484276A8}.AppStore|x64.Build.0 = Release|x64
		{1F10E2D4-3A74-400D-A0F5-036E484276A8}.AppStore|x64.Deploy.0 = Release|x64
		{1F10E2D4-3A74-400D-A0F5-036E484276A8}.AppStore|x86.ActiveCfg = Release|x86
		{1F10E2D4-3A74-400D-A0F5-036E484276A8}.AppStore|x86.Build.0 = Release|x86
		{1F10E2D4-3A74-400D-A0F5-036E484276A8}.AppStore|x86.Deploy.0 = Release|x86
		{1F10E2D4-3A74-400D-A0F5-036E484276A8}.Debug|Any CPU.ActiveCfg = Debug|x86
		{1F10E2D4-3A74-400D-A0F5-036E484276A8}.Debug|ARM.ActiveCfg = Debug|ARM
		{1F10E2D4-3A74-400D-A0F5-036E484276A8}.Debug|ARM.Build.0 = Debug|ARM
		{1F10E2D4-3A74-400D-A0F5-036E484276A8}.Debug|ARM.Deploy.0 = Debug|ARM
		{1F10E2D4-3A74-400D-A0F5-036E484276A8}.Debug|iPhone.ActiveCfg = Debug|x86
		{1F10E2D4-3A74-400D-A0F5-036E484276A8}.Debug|iPhoneSimulator.ActiveCfg = Debug|x86
		{1F10E2D4-3A74-400D-A0F5-036E484276A8}.Debug|x64.ActiveCfg = Debug|x64
		{1F10E2D4-3A74-400D-A0F5-036E484276A8}.Debug|x64.Build.0 = Debug|x64
		{1F10E2D4-3A74-400D-A0F5-036E484276A8}.Debug|x64.Deploy.0 = Debug|x64
		{1F10E2D4-3A74-400D-A0F5-036E484276A8}.Debug|x86.ActiveCfg = Debug|x86
		{1F10E2D4-3A74-400D-A0F5-036E484276A8}.Debug|x86.Build.0 = Debug|x86
		{1F10E2D4-3A74-400D-A0F5-036E484276A8}.Debug|x86.Deploy.0 = Debug|x86
		{1F10E2D4-3A74-400D-A0F5-036E484276A8}.Release|Any CPU.ActiveCfg = Release|x86
		{1F10E2D4-3A74-400D-A0F5-036E484276A8}.Release|ARM.ActiveCfg = Release|ARM
		{1F10E2D4-3A74-400D-A0F5-036E484276A8}.Release|ARM.Build.0 = Release|ARM
		{1F10E2D4-3A74-400D-A0F5-036E484276A8}.Release|ARM.Deploy.0 = Release|ARM
		{1F10E2D4-3A74-400D-A0F5-036E484276A8}.Release|iPhone.ActiveCfg = Release|x86
		{1F10E2D4-3A74-400D-A0F5-036E484276A8}.Release|iPhoneSimulator.ActiveCfg = Release|x86
		{1F10E2D4-3A74-400D-A0F5-036E484276A8}.Release|x64.ActiveCfg = Release|x64
		{1F10E2D4-3A74-400D-A0F5-036E484276A8}.Release|x64.Build.0 = Release|x64
		{1F10E2D4-3A74-400D-A0F5-036E484276A8}.Release|x64.Deploy.0 = Release|x64
		{1F10E2D4-3A74-400D-A0F5-036E484276A8}.Release|x86.ActiveCfg = Release|x86
		{1F10E2D4-3A74-400D-A0F5-036E484276A8}.Release|x86.Build.0 = Release|x86
		{1F10E2D4-3A74-400D-A0F5-036E484276A8}.Release|x86.Deploy.0 = Release|x86
	EndGlobalSection
	GlobalSection(SolutionProperties) = preSolution
		HideSolutionNode = FALSE
	EndGlobalSection
EndGlobal
